github.com/kaisugi/HugoTeX v0.0.0-20221106021144-93d5cc0ad74d h1:CQa2iA0xO3kCr8IxsrW6Eg2CH+hWxdb06Uxg9QriRAo=
github.com/kaisugi/HugoTeX v0.0.0-20221106021144-93d5cc0ad74d/go.mod h1:twAIv7WWKDM4E8I90GJIQdQTLQv6T8IdwO5mV1VU4wI=
github.com/kaisugi/HugoTeX v0.0.0-20241022001613-675ea61fb18e h1:n9gRvqXemikq4DNUEEiaPFuvOZSVOAXr03n26TS6aME=
github.com/kaisugi/HugoTeX v0.0.0-20241022001613-675ea61fb18e/go.mod h1:twAIv7WWKDM4E8I90GJIQdQTLQv6T8IdwO5mV1VU4wI=
